{
  "nodes": {
    "flake-compat": {
      "flake": false,
      "locked": {
        "lastModified": 1767039857,
        "narHash": "sha256-vNpUSpF5Nuw8xvDLj2KCwwksIbjua2LZCqhV1LNRDns=",
        "owner": "NixOS",
        "repo": "flake-compat",
        "rev": "5edf11c44bc78a0d334f6334cdaf7d60d732daab",
        "type": "github"
      },
      "original": {
        "owner": "NixOS",
        "repo": "flake-compat",
        "type": "github"
      }
    },
    "git-hooks": {
      "inputs": {
        "flake-compat": "flake-compat",
        "nixpkgs": [
          "nixpkgs"
        ]
      },
      "locked": {
        "lastModified": 1783008725,
        "narHash": "sha256-jGiy6+sxjNWXSjp25uoJuNfyH9zBK1PEDY0lVoL4ibQ=",
        "rev": "bca82caa46d5ec0f5d422c61fb1e30bc51313cbe",
        "revCount": 1229,
        "type": "tarball",
        "url": "https://api.flakehub.com/f/pinned/cachix/git-hooks.nix/0.1.1229%2Brev-bca82caa46d5ec0f5d422c61fb1e30bc51313cbe/019f2403-9d83-7233-9d2e-dd8f3744dfbb/source.tar.gz"
      },
      "original": {
        "type": "tarball",
        "url": "https://flakehub.com/f/cachix/git-hooks.nix/0.1.%2A.tar.gz"
      }
    },
    "nixpkgs": {
      "locked": {
        "lastModified": 1784007870,
        "narHash": "sha256-djcLt/JJphyNt4eDY9XTly+/WbCK5lqWq9lSgCmJkkQ=",
        "rev": "18b9261cb3294b6d2a06d03f96872827b8fe2698",
        "revCount": 1034379,
        "type": "tarball",
        "url": "https://api.flakehub.com/f/pinned/NixOS/nixpkgs/0.1.1034379%2Brev-18b9261cb3294b6d2a06d03f96872827b8fe2698/019f6132-7d6a-7801-abb1-b4bf03703a37/source.tar.gz"
      },
      "original": {
        "type": "tarball",
        "url": "https://flakehub.com/f/NixOS/nixpkgs/0.1.%2A.tar.gz"
      }
    },
    "nixpkgs-lib": {
      "locked": {
        "lastModified": 1783821755,
        "narHash": "sha256-eMPX9S6MKPyUnaOgeRfrG7OKUiAlc1AlcRinMbSB0WA=",
        "owner": "nix-community",
        "repo": "nixpkgs.lib",
        "rev": "228ab8523d81526e57a6ca342e1a919fb6d246a8",
        "type": "github"
      },
      "original": {
        "owner": "nix-community",
        "repo": "nixpkgs.lib",
        "type": "github"
      }
    },
    "purr": {
      "inputs": {
        "nixpkgs-lib": "nixpkgs-lib"
      },
      "locked": {
        "lastModified": 1784052756,
        "narHash": "sha256-jUfiT0Vmu93XCCQyLfYS/nrtY47ge+0sq/q9zssivhA=",
        "rev": "d92ced982bb710a8fbd9959bbeda15b76ed8289e",
        "revCount": 37,
        "type": "tarball",
        "url": "https://api.flakehub.com/f/pinned/nixcafe/purr/0.1.37%2Brev-d92ced982bb710a8fbd9959bbeda15b76ed8289e/019f61d5-8a16-71d0-903a-f302ede46db9/source.tar.gz"
      },
      "original": {
        "type": "tarball",
        "url": "https://flakehub.com/f/nixcafe/purr/0.1.%2A.tar.gz"
      }
    },
    "root": {
      "inputs": {
        "git-hooks": "git-hooks",
        "nixpkgs": "nixpkgs",
        "purr": "purr",
        "templates-colmena-config": "templates-colmena-config",
        "templates-java": "templates-java",
        "templates-kotlin": "templates-kotlin",
        "templates-nix": "templates-nix",
        "templates-nix-config": "templates-nix-config",
        "templates-node": "templates-node",
        "templates-python": "templates-python",
        "templates-rust": "templates-rust",
        "templates-secrets": "templates-secrets"
      }
    },
    "templates-colmena-config": {
      "flake": false,
      "locked": {
        "lastModified": 1777899460,
        "narHash": "sha256-pjjGqByVSgP+7JTw/puYbQHyWd6dWXwpWCRuW+aHbWg=",
        "owner": "nixcafe-develop",
        "repo": "colmena-config",
        "rev": "a923fc83054294f4e48daacb9943ce3ff9a8d9b1",
        "type": "github"
      },
      "original": {
        "owner": "nixcafe-develop",
        "repo": "colmena-config",
        "type": "github"
      }
    },
    "templates-java": {
      "flake": false,
      "locked": {
        "lastModified": 1745247109,
        "narHash": "sha256-wEXjTeY2KCT4HoF4Uqo9AWECH3rFKJSFKWiq3fUkTOQ=",
        "owner": "nixcafe-develop",
        "repo": "java",
        "rev": "a87a6f9b23f20e83e13326a627a48be0f6a7a4f0",
        "type": "github"
      },
      "original": {
        "owner": "nixcafe-develop",
        "repo": "java",
        "type": "github"
      }
    },
    "templates-kotlin": {
      "flake": false,
      "locked": {
        "lastModified": 1745247114,
        "narHash": "sha256-hsxzqpC4ox21IlicYFEc8tAm9aTvBtLINQwZnK/4F/Q=",
        "owner": "nixcafe-develop",
        "repo": "kotlin",
        "rev": "4575de3cf8d9e7592cd54739643c2c6ff377a371",
        "type": "github"
      },
      "original": {
        "owner": "nixcafe-develop",
        "repo": "kotlin",
        "type": "github"
      }
    },
    "templates-nix": {
      "flake": false,
      "locked": {
        "lastModified": 1777899428,
        "narHash": "sha256-VeJMNESJwFnOt15SBDQdxz6D78oqqUXX0YxRWeTT+nQ=",
        "owner": "nixcafe-develop",
        "repo": "nix",
        "rev": "13a22a0cc9b8766aee4fdcbdb3031dd01fbbb27d",
        "type": "github"
      },
      "original": {
        "owner": "nixcafe-develop",
        "repo": "nix",
        "type": "github"
      }
    },
    "templates-nix-config": {
      "flake": false,
      "locked": {
        "lastModified": 1777899435,
        "narHash": "sha256-Sl7N2gHRzv9/jLugTmRIjoe5amTU/KXPKwuglKBAIic=",
        "owner": "nixcafe-develop",
        "repo": "nix-config",
        "rev": "e546834bd2a71318e9087375ffe77ae2ab136964",
        "type": "github"
      },
      "original": {
        "owner": "nixcafe-develop",
        "repo": "nix-config",
        "type": "github"
      }
    },
    "templates-node": {
      "flake": false,
      "locked": {
        "lastModified": 1784056647,
        "narHash": "sha256-8SPx5nOFLciD+h3HPR2nenS5ttgL7qcDdngB9iu/Hn4=",
        "owner": "nixcafe-develop",
        "repo": "node",
        "rev": "4786b896dd0ab72a8475c773659e86858a289df3",
        "type": "github"
      },
      "original": {
        "owner": "nixcafe-develop",
        "repo": "node",
        "type": "github"
      }
    },
    "templates-python": {
      "flake": false,
      "locked": {
        "lastModified": 1747311692,
        "narHash": "sha256-TZGMeHApasdXlkI6XWH7/RW49dwVbx8wrBiFO2qNdp0=",
        "owner": "nixcafe-develop",
        "repo": "python",
        "rev": "5bcc2d0825850f9fcf543897997addbefa92a904",
        "type": "github"
      },
      "original": {
        "owner": "nixcafe-develop",
        "repo": "python",
        "type": "github"
      }
    },
    "templates-rust": {
      "flake": false,
      "locked": {
        "lastModified": 1777899392,
        "narHash": "sha256-em+0CGWHHxVoSBrM+WqbJjV04eYxGOSN0dwjDvu0oxg=",
        "owner": "nixcafe-develop",
        "repo": "rust",
        "rev": "b97b0ab43abb0a58b5e07f4120c32218196cb69d",
        "type": "github"
      },
      "original": {
        "owner": "nixcafe-develop",
        "repo": "rust",
        "type": "github"
      }
    },
    "templates-secrets": {
      "flake": false,
      "locked": {
        "lastModified": 1777899446,
        "narHash": "sha256-ZLf8HffqOkb+jaRc9OYA8LG381m2oKH3yvwxMr1Z+VE=",
        "owner": "nixcafe-develop",
        "repo": "nix-secrets",
        "rev": "0bd0c9ab0e61579afcd009f93d14e137bc3f9c29",
        "type": "github"
      },
      "original": {
        "owner": "nixcafe-develop",
        "repo": "nix-secrets",
        "type": "github"
      }
    }
  },
  "root": "root",
  "version": 7
}
