{
  "nodes": {
    "flake-compat": {
      "flake": false,
      "locked": {
        "lastModified": 1767039857,
        "narHash": "sha256-vNpUSpF5Nuw8xvDLj2KCwwksIbjua2LZCqhV1LNRDns=",
        "owner": "NixOS",
        "repo": "flake-compat",
        "rev": "5edf11c44bc78a0d334f6334cdaf7d60d732daab",
        "type": "github"
      },
      "original": {
        "owner": "NixOS",
        "repo": "flake-compat",
        "type": "github"
      }
    },
    "git-hooks": {
      "inputs": {
        "flake-compat": "flake-compat",
        "nixpkgs": [
          "nixpkgs"
        ]
      },
      "locked": {
        "lastModified": 1784288435,
        "narHash": "sha256-ReRHaLgr/uVqdD8afFSn+myXIfpHeOhP0yYe0TJqAA8=",
        "rev": "43b3c1ab9d40fb1dbb008f451988a91e375825e9",
        "revCount": 1231,
        "type": "tarball",
        "url": "https://api.flakehub.com/f/pinned/cachix/git-hooks.nix/0.1.1231%2Brev-43b3c1ab9d40fb1dbb008f451988a91e375825e9/019f7135-8fdf-76f0-b1a1-d2c67e91af8d/source.tar.gz"
      },
      "original": {
        "type": "tarball",
        "url": "https://flakehub.com/f/cachix/git-hooks.nix/0.1.%2A.tar.gz"
      }
    },
    "nixpkgs": {
      "locked": {
        "lastModified": 1784120854,
        "narHash": "sha256-KesHgItiZPgGX740axSiQLcIQ8D24MDqNpkKYWIek8k=",
        "rev": "753cc8a3a87467296ddd1fa93f0cc3e81120ee46",
        "revCount": 1035164,
        "type": "tarball",
        "url": "https://api.flakehub.com/f/pinned/NixOS/nixpkgs/0.1.1035164%2Brev-753cc8a3a87467296ddd1fa93f0cc3e81120ee46/019f69c8-2fec-7903-bec1-68b3c985d626/source.tar.gz"
      },
      "original": {
        "type": "tarball",
        "url": "https://flakehub.com/f/NixOS/nixpkgs/0.1.%2A.tar.gz"
      }
    },
    "nixpkgs-lib": {
      "locked": {
        "lastModified": 1783821755,
        "narHash": "sha256-eMPX9S6MKPyUnaOgeRfrG7OKUiAlc1AlcRinMbSB0WA=",
        "owner": "nix-community",
        "repo": "nixpkgs.lib",
        "rev": "228ab8523d81526e57a6ca342e1a919fb6d246a8",
        "type": "github"
      },
      "original": {
        "owner": "nix-community",
        "repo": "nixpkgs.lib",
        "type": "github"
      }
    },
    "purr": {
      "inputs": {
        "nixpkgs-lib": "nixpkgs-lib"
      },
      "locked": {
        "lastModified": 1784315558,
        "narHash": "sha256-0QpTqh3aRApdN27hdWgS9k0+5/jD2Ets8HRBALq0fzM=",
        "rev": "98dde42e51c547ba02cff230aadfd028e73fc831",
        "revCount": 39,
        "type": "tarball",
        "url": "https://api.flakehub.com/f/pinned/nixcafe/purr/0.1.39%2Brev-98dde42e51c547ba02cff230aadfd028e73fc831/019f717f-7822-72a1-bd8e-765177abd006/source.tar.gz"
      },
      "original": {
        "type": "tarball",
        "url": "https://flakehub.com/f/nixcafe/purr/0.1.%2A.tar.gz"
      }
    },
    "root": {
      "inputs": {
        "git-hooks": "git-hooks",
        "nixpkgs": "nixpkgs",
        "purr": "purr",
        "templates-colmena-config": "templates-colmena-config",
        "templates-java": "templates-java",
        "templates-kotlin": "templates-kotlin",
        "templates-latex": "templates-latex",
        "templates-nix": "templates-nix",
        "templates-nix-config": "templates-nix-config",
        "templates-node": "templates-node",
        "templates-python": "templates-python",
        "templates-rust": "templates-rust",
        "templates-secrets": "templates-secrets",
        "templates-typst": "templates-typst"
      }
    },
    "templates-colmena-config": {
      "flake": false,
      "locked": {
        "lastModified": 1784317927,
        "narHash": "sha256-1otQSMb6s/k0b4KoPCaPP75U6TFV3YSZfUNDogX+RHM=",
        "owner": "nixcafe-develop",
        "repo": "colmena-config",
        "rev": "73567f17fc9916f65dfc72bcde3db2c7e567e496",
        "type": "github"
      },
      "original": {
        "owner": "nixcafe-develop",
        "repo": "colmena-config",
        "type": "github"
      }
    },
    "templates-java": {
      "flake": false,
      "locked": {
        "lastModified": 1784317965,
        "narHash": "sha256-vnA1gknbav0vnrojkC8vfwRXLNSS6jzD8XXWqFeZDPY=",
        "owner": "nixcafe-develop",
        "repo": "java",
        "rev": "92baff9ef89f3abc66c29addb581da8a869811c1",
        "type": "github"
      },
      "original": {
        "owner": "nixcafe-develop",
        "repo": "java",
        "type": "github"
      }
    },
    "templates-kotlin": {
      "flake": false,
      "locked": {
        "lastModified": 1784317966,
        "narHash": "sha256-d8hT0Jjqwpm+Littb1KMXRVlh75hYfFKHfwtlSRvepE=",
        "owner": "nixcafe-develop",
        "repo": "kotlin",
        "rev": "2fabeebfe7aa28d4453968e126c110c44421ebd8",
        "type": "github"
      },
      "original": {
        "owner": "nixcafe-develop",
        "repo": "kotlin",
        "type": "github"
      }
    },
    "templates-latex": {
      "flake": false,
      "locked": {
        "lastModified": 1784319844,
        "narHash": "sha256-ZHENHwBFrV6uNzgS56jL144vzoITSC+Rp6QCD4Pb9Lc=",
        "owner": "nixcafe-develop",
        "repo": "latex",
        "rev": "dae20f2f11ce44ed108033ffd54680c9418e07db",
        "type": "github"
      },
      "original": {
        "owner": "nixcafe-develop",
        "repo": "latex",
        "type": "github"
      }
    },
    "templates-nix": {
      "flake": false,
      "locked": {
        "lastModified": 1784317968,
        "narHash": "sha256-eLFRXGosOSneNurO1bKCoBw4TwBFd0LwCEGTfXCb2Xc=",
        "owner": "nixcafe-develop",
        "repo": "nix",
        "rev": "99ea9a522bfe4acc19a1aea27e4b9dd6745ad494",
        "type": "github"
      },
      "original": {
        "owner": "nixcafe-develop",
        "repo": "nix",
        "type": "github"
      }
    },
    "templates-nix-config": {
      "flake": false,
      "locked": {
        "lastModified": 1784317969,
        "narHash": "sha256-bwC7P941/CneM2JdLx1YDcWPP8efhswPrVq4szcb/GQ=",
        "owner": "nixcafe-develop",
        "repo": "nix-config",
        "rev": "898118fedf0b472658a37ad4d4c41a7d7d04e0c0",
        "type": "github"
      },
      "original": {
        "owner": "nixcafe-develop",
        "repo": "nix-config",
        "type": "github"
      }
    },
    "templates-node": {
      "flake": false,
      "locked": {
        "lastModified": 1784317967,
        "narHash": "sha256-XvShpkxLdMHyZSIagnq815x02VfQrNcR8uKyLAUpM18=",
        "owner": "nixcafe-develop",
        "repo": "node",
        "rev": "da200a07dbc9dc9a1ecb87f2a04f8daf4f2805fe",
        "type": "github"
      },
      "original": {
        "owner": "nixcafe-develop",
        "repo": "node",
        "type": "github"
      }
    },
    "templates-python": {
      "flake": false,
      "locked": {
        "lastModified": 1784316579,
        "narHash": "sha256-xoFO6BIRN//2WxJGzVxC2QyBsKvrU16FABd6/uADcus=",
        "owner": "nixcafe-develop",
        "repo": "python",
        "rev": "9f703b7e4e4e5ef1b7fd7fc83e73d30e2820c2f5",
        "type": "github"
      },
      "original": {
        "owner": "nixcafe-develop",
        "repo": "python",
        "type": "github"
      }
    },
    "templates-rust": {
      "flake": false,
      "locked": {
        "lastModified": 1784317968,
        "narHash": "sha256-ZE4qNnOiKNHJIab5nLW4UkdPW7txzRm50tWaXe7hce0=",
        "owner": "nixcafe-develop",
        "repo": "rust",
        "rev": "448dd80973c6b8b5d336553afda2b1b251a4a1fb",
        "type": "github"
      },
      "original": {
        "owner": "nixcafe-develop",
        "repo": "rust",
        "type": "github"
      }
    },
    "templates-secrets": {
      "flake": false,
      "locked": {
        "lastModified": 1784317878,
        "narHash": "sha256-UO5q28ww3N7Lt/wbH/+C8MuNuqkh+sBPNNpP1vOQs80=",
        "owner": "nixcafe-develop",
        "repo": "nix-secrets",
        "rev": "121fc4efa2363083ae757c9952943aef28826c36",
        "type": "github"
      },
      "original": {
        "owner": "nixcafe-develop",
        "repo": "nix-secrets",
        "type": "github"
      }
    },
    "templates-typst": {
      "flake": false,
      "locked": {
        "lastModified": 1784319788,
        "narHash": "sha256-clAimXVJbpTAnB9YkCX764GEBBl+UyDKqcpWFrEwgHU=",
        "owner": "nixcafe-develop",
        "repo": "typst",
        "rev": "0095a90577e4eee8b2baa67dc4a8a81f52537251",
        "type": "github"
      },
      "original": {
        "owner": "nixcafe-develop",
        "repo": "typst",
        "type": "github"
      }
    }
  },
  "root": "root",
  "version": 7
}
